
Microsoft Visual Studio Solution File, Format Version 12.00
# Visual Studio Version 16
VisualStudioVersion = 16.0.31019.35
MinimumVisualStudioVersion = 10.0.40219.1
Project("{FAE04EC0-301F-11D3-BF4B-00C04F79EFBC}") = "VehicleVanna_Kelly", "VehicleVanna_Kelly\VehicleVanna_Kelly.csproj", "{50422193-88FE-43AE-8D5A-78909C046E63}"
EndProject
Project("{FAE04EC0-301F-11D3-BF4B-00C04F79EFBC}") = "VehicleVanna_Test", "VehicleVanna_Test\VehicleVanna_Test.csproj", "{20DCCFF0-E43B-4D2B-BF9D-B8010EBB94F3}"
EndProject
Global
	GlobalSection(SolutionConfigurationPlatforms) = preSolution
		Debug|Any CPU = Debug|Any CPU
		Release|Any CPU = Release|Any CPU
	EndGlobalSection
	GlobalSection(ProjectConfigurationPlatforms) = postSolution
		{50422193-88FE-43AE-8D5A-78909C046E63}.Debug|Any CPU.ActiveCfg = Debug|Any CPU
		{50422193-88FE-43AE-8D5A-78909C046E63}.Debug|Any CPU.Build.0 = Debug|Any CPU
		{50422193-88FE-43AE-8D5A-78909C046E63}.Release|Any CPU.ActiveCfg = Release|Any CPU
		{50422193-88FE-43AE-8D5A-78909C046E63}.Release|Any CPU.Build.0 = Release|Any CPU
		{20DCCFF0-E43B-4D2B-BF9D-B8010EBB94F3}.Debug|Any CPU.ActiveCfg = Debug|Any CPU
		{20DCCFF0-E43B-4D2B-BF9D-B8010EBB94F3}.Debug|Any CPU.Build.0 = Debug|Any CPU
		{20DCCFF0-E43B-4D2B-BF9D-B8010EBB94F3}.Release|Any CPU.ActiveCfg = Release|Any CPU
		{20DCCFF0-E43B-4D2B-BF9D-B8010EBB94F3}.Release|Any CPU.Build.0 = Release|Any CPU
	EndGlobalSection
	GlobalSection(SolutionProperties) = preSolution
		HideSolutionNode = FALSE
	EndGlobalSection
	GlobalSection(ExtensibilityGlobals) = postSolution
		SolutionGuid = {B9CC6A77-293A-4EAB-96A6-3DE4C0684A70}
	EndGlobalSection
EndGlobal
